# GX Miatoll Nexus-4.5-style kernel source pins
# Generated/verified 2026-09-02.
# Do not silently replace these with floating branches in release builds.

VELVET_REPO=https://github.com/ProjectVelvet/kernel_xiaomi_sm6250.git
VELVET_BRANCH=non-ksu
VELVET_BASE_COMMIT=b2bd9c524da082540e0f2f0216bfa15eee1c8614
VELVET_OPENELA_349_PARENT=e4913de9177c1394c3b2b73c86f5e7d9d9614388

OPENELA_REPO=https://github.com/openela/kernel-lts.git
OPENELA_TARGET_TAG=v4.14.356-openela
OPENELA_TARGET_COMMIT=a76b6a6556353484f6f29572989cd37b6cff90cc

# backslashxx KernelSU v3.3.0-2
XXKSU_REPO=https://github.com/backslashxx/KernelSU.git
XXKSU_TAG=v3.3.0-2
XXKSU_COMMIT=1d1cc5cf1981dbf8ce3258ba16e1a6b16d9651f2

# KernelSU-Next manager/release target for non-SUSFS builds.
KSUN_REPO=https://github.com/KernelSU-Next/KernelSU-Next.git
KSUN_RELEASE_TAG=v3.3.0
KSUN_RELEASE_COMMIT=3b18216f71df189ab3d1b1ce0bdb21be1268e771

# Non-GKI/manual-hook KernelSU-Next tree carrying the SUSFS v2 ABI.
# Pin the exact commit; do not float legacy-susfs-v2 in release builds.
KSUN_SUSFS_REPO=https://github.com/sidex15/KernelSU-Next.git
KSUN_SUSFS_BRANCH=legacy-susfs-v2
KSUN_SUSFS_COMMIT=f110cddc07e27b21ad77c6c31261660efb25dce4

# Linux 4.14 SUSFS v2.2.0 backport reference.  setup-susfs.sh applies only
# the explicitly pinned SUSFS/prerequisite commits from this repository.
SUSFS_414_BACKPORT_REPO=https://github.com/sidex15/android_kernel_lge_sm8150.git
SUSFS_414_BACKPORT_VERSION=v2.2.0
SUSFS_414_BACKPORT_HEAD=0a5b29d63113137f481d2636af5e943631b76687
