# GX Miatoll Nexus-4.5-style kernel source pins
# Generated/verified 2026-09-02.
# Do not silently replace these with floating branches in release builds.

VELVET_REPO=https://github.com/ProjectVelvet/kernel_xiaomi_sm6250.git
VELVET_BRANCH=non-ksu
VELVET_BASE_COMMIT=b2bd9c524da082540e0f2f0216bfa15eee1c8614
VELVET_OPENELA_349_PARENT=e4913de9177c1394c3b2b73c86f5e7d9d9614388

# N45 source starts from the exact 4.14.356 OpenELA point already merged in the
# known-good tree, then scripts/gx/apply-openela-4.14.357.sh applies the complete
# six-commit eLTS delta. Keep both pins so the upgrade is reproducible.
OPENELA_BASE_TAG=v4.14.356-openela
OPENELA_BASE_COMMIT=a76b6a6556353484f6f29572989cd37b6cff90cc
OPENELA_TARGET_TAG=v4.14.357-openela
OPENELA_TARGET_COMMIT=1e6347375d088ecc896aabb067131d0f9e3c0575

# backslashxx KernelSU v3.3.0-2
XXKSU_REPO=https://github.com/backslashxx/KernelSU.git
XXKSU_TAG=v3.3.0-2
XXKSU_COMMIT=1d1cc5cf1981dbf8ce3258ba16e1a6b16d9651f2

# KernelSU-Next stable manager/release reference. Keep this pinned even though
# Linux 4.14 no-SUSFS uses the upstream legacy branch below.
KSUN_REPO=https://github.com/KernelSU-Next/KernelSU-Next.git
KSUN_RELEASE_TAG=v3.3.0
KSUN_RELEASE_COMMIT=3b18216f71df189ab3d1b1ce0bdb21be1268e771

# Official upstream non-GKI legacy/manual-hook path for kernels below 5.10.
# Pin the exact post-throne-deadlock-fix head; do not float the branch.
KSUN_LEGACY_BRANCH=legacy
KSUN_LEGACY_COMMIT=a54e4fa46c6cc25bcaa055cf14d790194beffed8

# Non-GKI/manual-hook KernelSU-Next tree carrying the SUSFS v2 ABI.
# Pin the exact commit; do not float legacy-susfs-v2 in release builds.
KSUN_SUSFS_REPO=https://github.com/sidex15/KernelSU-Next.git
KSUN_SUSFS_BRANCH=legacy-susfs-v2
KSUN_SUSFS_COMMIT=f110cddc07e27b21ad77c6c31261660efb25dce4

# Linux 4.14 SUSFS v2.2.0 compatibility references.
SUSFS_414_BACKPORT_REPO=https://github.com/sidex15/android_kernel_lge_sm8150.git
SUSFS_414_BACKPORT_VERSION=v2.2.0
SUSFS_414_BACKPORT_HEAD=0a5b29d63113137f481d2636af5e943631b76687
SUSFS_XIAOMI_414_REPO=https://github.com/FlopKernel-Series/flop_trinket-mi_kernel.git
SUSFS_XIAOMI_414_V220_HEAD=b3d2d7c84abbc657c5b7db448f1110b989969d68
XXKSU_SUSFS_V220_ADAPTER=2438eed1424e0c228612a0d55e3f85dc77d22b38
